
Microsoft Visual Studio Solution File, Format Version 12.00
# Visual Studio Version 17
VisualStudioVersion = 17.5.002.0
MinimumVisualStudioVersion = 10.0.40219.1
Project("{9A19103F-16F7-4668-BE54-9A1E7A4F7556}") = "TeamPlayer", "TeamPlayer.csproj", "{16BF19BE-AE5E-41F4-A92E-31DA195CDAAF}"
EndProject
Global
	GlobalSection(SolutionConfigurationPlatforms) = preSolution
		Debug|Any CPU = Debug|Any CPU
		Release|Any CPU = Release|Any CPU
	EndGlobalSection
	GlobalSection(ProjectConfigurationPlatforms) = postSolution
		{16BF19BE-AE5E-41F4-A92E-31DA195CDAAF}.Debug|Any CPU.ActiveCfg = Debug|Any CPU
		{16BF19BE-AE5E-41F4-A92E-31DA195CDAAF}.Debug|Any CPU.Build.0 = Debug|Any CPU
		{16BF19BE-AE5E-41F4-A92E-31DA195CDAAF}.Release|Any CPU.ActiveCfg = Release|Any CPU
		{16BF19BE-AE5E-41F4-A92E-31DA195CDAAF}.Release|Any CPU.Build.0 = Release|Any CPU
	EndGlobalSection
	GlobalSection(SolutionProperties) = preSolution
		HideSolutionNode = FALSE
	EndGlobalSection
	GlobalSection(ExtensibilityGlobals) = postSolution
		SolutionGuid = {C47C3746-D24E-4883-B24D-1C942E85F649}
	EndGlobalSection
EndGlobal
